// !$*UTF8*$!
{
	archiveVersion = 1;
	classes = {
	};
	objectVersion = 50;
	objects = {

/* Begin PBXBuildFile section */
		823DF79C221E2490000941EB /* AppDelegate.swift in Sources */ = {isa = PBXBuildFile; fileRef = 823DF79B221E2490000941EB /* AppDelegate.swift */; };
		823DF7A1221E2490000941EB /* Main.storyboard in Resources */ = {isa = PBXBuildFile; fileRef = 823DF79F221E2490000941EB /* Main.storyboard */; };
		823DF7A3221E2490000941EB /* Assets.xcassets in Resources */ = {isa = PBXBuildFile; fileRef = 823DF7A2221E2490000941EB /* Assets.xcassets */; };
		823DF7A6221E2490000941EB /* LaunchScreen.storyboard in Resources */ = {isa = PBXBuildFile; fileRef = 823DF7A4221E2490000941EB /* LaunchScreen.storyboard */; };
		823DF7B0221E25DE000941EB /* WorldTableViewController.swift in Sources */ = {isa = PBXBuildFile; fileRef = 823DF7AF221E25DE000941EB /* WorldTableViewController.swift */; };
		823DF7B2221E26EC000941EB /* AmericaTableViewController.swift in Sources */ = {isa = PBXBuildFile; fileRef = 823DF7B1221E26EC000941EB /* AmericaTableViewController.swift */; };
		823DF7B4221E27BC000941EB /* AfricaTableViewController.swift in Sources */ = {isa = PBXBuildFile; fileRef = 823DF7B3221E27BC000941EB /* AfricaTableViewController.swift */; };
		823DF7D8221E2D47000941EB /* States.swift in Sources */ = {isa = PBXBuildFile; fileRef = 823DF7D7221E2D47000941EB /* States.swift */; };
		823DF7DA221E4F42000941EB /* EuropeTableViewController.swift in Sources */ = {isa = PBXBuildFile; fileRef = 823DF7D9221E4F42000941EB /* EuropeTableViewController.swift */; };
		823DF7DE221E523E000941EB /* AsiaTableViewController.swift in Sources */ = {isa = PBXBuildFile; fileRef = 823DF7DD221E523E000941EB /* AsiaTableViewController.swift */; };
		8296D9DC2226E0BB00742295 /* AntarcticaTableViewController.swift in Sources */ = {isa = PBXBuildFile; fileRef = 8296D9DB2226E0BB00742295 /* AntarcticaTableViewController.swift */; };
		829B08B7221FC63400702916 /* AustraliaAndOceanaTableViewController.swift in Sources */ = {isa = PBXBuildFile; fileRef = 829B08B6221FC63400702916 /* AustraliaAndOceanaTableViewController.swift */; };
/* End PBXBuildFile section */

/* Begin PBXFileReference section */
		823DF798221E2490000941EB /* WorldCountries and Capitals.app */ = {isa = PBXFileReference; explicitFileType = wrapper.application; includeInIndex = 0; path = "WorldCountries and Capitals.app"; sourceTree = BUILT_PRODUCTS_DIR; };
		823DF79B221E2490000941EB /* AppDelegate.swift */ = {isa = PBXFileReference; lastKnownFileType = sourcecode.swift; path = AppDelegate.swift; sourceTree = "<group>"; };
		823DF7A0221E2490000941EB /* Base */ = {isa = PBXFileReference; lastKnownFileType = file.storyboard; name = Base; path = Base.lproj/Main.storyboard; sourceTree = "<group>"; };
		823DF7A2221E2490000941EB /* Assets.xcassets */ = {isa = PBXFileReference; lastKnownFileType = folder.assetcatalog; path = Assets.xcassets; sourceTree = "<group>"; };
		823DF7A5221E2490000941EB /* Base */ = {isa = PBXFileReference; lastKnownFileType = file.storyboard; name = Base; path = Base.lproj/LaunchScreen.storyboard; sourceTree = "<group>"; };
		823DF7A7221E2490000941EB /* Info.plist */ = {isa = PBXFileReference; lastKnownFileType = text.plist.xml; path = Info.plist; sourceTree = "<group>"; };
		823DF7AF221E25DE000941EB /* WorldTableViewController.swift */ = {isa = PBXFileReference; lastKnownFileType = sourcecode.swift; path = WorldTableViewController.swift; sourceTree = "<group>"; };
		823DF7B1221E26EC000941EB /* AmericaTableViewController.swift */ = {isa = PBXFileReference; lastKnownFileType = sourcecode.swift; path = AmericaTableViewController.swift; sourceTree = "<group>"; };
		823DF7B3221E27BC000941EB /* AfricaTableViewController.swift */ = {isa = PBXFileReference; lastKnownFileType = sourcecode.swift; path = AfricaTableViewController.swift; sourceTree = "<group>"; };
		823DF7D7221E2D47000941EB /* States.swift */ = {isa = PBXFileReference; lastKnownFileType = sourcecode.swift; path = States.swift; sourceTree = "<group>"; };
		823DF7D9221E4F42000941EB /* EuropeTableViewController.swift */ = {isa = PBXFileReference; lastKnownFileType = sourcecode.swift; path = EuropeTableViewController.swift; sourceTree = "<group>"; };
		823DF7DD221E523E000941EB /* AsiaTableViewController.swift */ = {isa = PBXFileReference; lastKnownFileType = sourcecode.swift; path = AsiaTableViewController.swift; sourceTree = "<group>"; };
		8296D9DB2226E0BB00742295 /* AntarcticaTableViewController.swift */ = {isa = PBXFileReference; lastKnownFileType = sourcecode.swift; path = AntarcticaTableViewController.swift; sourceTree = "<group>"; };
		829B08B6221FC63400702916 /* AustraliaAndOceanaTableViewController.swift */ = {isa = PBXFileReference; lastKnownFileType = sourcecode.swift; path = AustraliaAndOceanaTableViewController.swift; sourceTree = "<group>"; };
/* End PBXFileReference section */

/* Begin PBXFrameworksBuildPhase section */
		823DF795221E2490000941EB /* Frameworks */ = {
			isa = PBXFrameworksBuildPhase;
			buildActionMask = 2147483647;
			files = (
			);
			runOnlyForDeploymentPostprocessing = 0;
		};
/* End PBXFrameworksBuildPhase section */

/* Begin PBXGroup section */
		823DF78F221E2490000941EB = {
			isa = PBXGroup;
			children = (
				823DF79A221E2490000941EB /* WorldCountries and Capitals */,
				823DF799221E2490000941EB /* Products */,
			);
			sourceTree = "<group>";
		};
		823DF799221E2490000941EB /* Products */ = {
			isa = PBXGroup;
			children = (
				823DF798221E2490000941EB /* WorldCountries and Capitals.app */,
			);
			name = Products;
			sourceTree = "<group>";
		};
		823DF79A221E2490000941EB /* WorldCountries and Capitals */ = {
			isa = PBXGroup;
			children = (
				823DF79B221E2490000941EB /* AppDelegate.swift */,
				823DF7B3221E27BC000941EB /* AfricaTableViewController.swift */,
				823DF7B1221E26EC000941EB /* AmericaTableViewController.swift */,
				823DF7DD221E523E000941EB /* AsiaTableViewController.swift */,
				829B08B6221FC63400702916 /* AustraliaAndOceanaTableViewController.swift */,
				823DF7D9221E4F42000941EB /* EuropeTableViewController.swift */,
				823DF7AF221E25DE000941EB /* WorldTableViewController.swift */,
				8296D9DB2226E0BB00742295 /* AntarcticaTableViewController.swift */,
				823DF79F221E2490000941EB /* Main.storyboard */,
				823DF7D7221E2D47000941EB /* States.swift */,
				823DF7A2221E2490000941EB /* Assets.xcassets */,
				823DF7A4221E2490000941EB /* LaunchScreen.storyboard */,
				823DF7A7221E2490000941EB /* Info.plist */,
			);
			path = "WorldCountries and Capitals";
			sourceTree = "<group>";
		};
/* End PBXGroup section */

/* Begin PBXNativeTarget section */
		823DF797221E2490000941EB /* WorldCountries and Capitals */ = {
			isa = PBXNativeTarget;
			buildConfigurationList = 823DF7AA221E2490000941EB /* Build configuration list for PBXNativeTarget "WorldCountries and Capitals" */;
			buildPhases = (
				823DF794221E2490000941EB /* Sources */,
				823DF795221E2490000941EB /* Frameworks */,
				823DF796221E2490000941EB /* Resources */,
			);
			buildRules = (
			);
			dependencies = (
			);
			name = "WorldCountries and Capitals";
			productName = "WorldCountries and Capitals";
			productReference = 823DF798221E2490000941EB /* WorldCountries and Capitals.app */;
			productType = "com.apple.product-type.application";
		};
/* End PBXNativeTarget section */

/* Begin PBXProject section */
		823DF790221E2490000941EB /* Project object */ = {
			isa = PBXProject;
			attributes = {
				LastSwiftUpdateCheck = 1010;
				LastUpgradeCheck = 1010;
				ORGANIZATIONNAME = "Tiego Ouedraogo";
				TargetAttributes = {
					823DF797221E2490000941EB = {
						CreatedOnToolsVersion = 10.1;
					};
				};
			};
			buildConfigurationList = 823DF793221E2490000941EB /* Build configuration list for PBXProject "WorldCountries and Capitals" */;
			compatibilityVersion = "Xcode 9.3";
			developmentRegion = en;
			hasScannedForEncodings = 0;
			knownRegions = (
				en,
				Base,
			);
			mainGroup = 823DF78F221E2490000941EB;
			productRefGroup = 823DF799221E2490000941EB /* Products */;
			projectDirPath = "";
			projectRoot = "";
			targets = (
				823DF797221E2490000941EB /* WorldCountries and Capitals */,
			);
		};
/* End PBXProject section */

/* Begin PBXResourcesBuildPhase section */
		823DF796221E2490000941EB /* Resources */ = {
			isa = PBXResourcesBuildPhase;
			buildActionMask = 2147483647;
			files = (
				823DF7A6221E2490000941EB /* LaunchScreen.storyboard in Resources */,
				823DF7A3221E2490000941EB /* Assets.xcassets in Resources */,
				823DF7A1221E2490000941EB /* Main.storyboard in Resources */,
			);
			runOnlyForDeploymentPostprocessing = 0;
		};
/* End PBXResourcesBuildPhase section */

/* Begin PBXSourcesBuildPhase section */
		823DF794221E2490000941EB /* Sources */ = {
			isa = PBXSourcesBuildPhase;
			buildActionMask = 2147483647;
			files = (
				823DF7D8221E2D47000941EB /* States.swift in Sources */,
				823DF7B0221E25DE000941EB /* WorldTableViewController.swift in Sources */,
				823DF7B4221E27BC000941EB /* AfricaTableViewController.swift in Sources */,
				823DF7DA221E4F42000941EB /* EuropeTableViewController.swift in Sources */,
				823DF7DE221E523E000941EB /* AsiaTableViewController.swift in Sources */,
				829B08B7221FC63400702916 /* AustraliaAndOceanaTableViewController.swift in Sources */,
				823DF7B2221E26EC000941EB /* AmericaTableViewController.swift in Sources */,
				8296D9DC2226E0BB00742295 /* AntarcticaTableViewController.swift in Sources */,
				823DF79C221E2490000941EB /* AppDelegate.swift in Sources */,
			);
			runOnlyForDeploymentPostprocessing = 0;
		};
/* End PBXSourcesBuildPhase section */

/* Begin PBXVariantGroup section */
		823DF79F221E2490000941EB /* Main.storyboard */ = {
			isa = PBXVariantGroup;
			children = (
				823DF7A0221E2490000941EB /* Base */,
			);
			name = Main.storyboard;
			sourceTree = "<group>";
		};
		823DF7A4221E2490000941EB /* LaunchScreen.storyboard */ = {
			isa = PBXVariantGroup;
			children = (
				823DF7A5221E2490000941EB /* Base */,
			);
			name = LaunchScreen.storyboard;
			sourceTree = "<group>";
		};
/* End PBXVariantGroup section */

/* Begin XCBuildConfiguration section */
		823DF7A8221E2490000941EB /* Debug */ = {
			isa = XCBuildConfiguration;
			buildSettings = {
				ALWAYS_SEARCH_USER_PATHS = NO;
				CLANG_ANALYZER_NONNULL = YES;
				CLANG_ANALYZER_NUMBER_OBJECT_CONVERSION = YES_AGGRESSIVE;
				CLANG_CXX_LANGUAGE_STANDARD = "gnu++14";
				CLANG_CXX_LIBRARY = "libc++";
				CLANG_ENABLE_MODULES = YES;
				CLANG_ENABLE_OBJC_ARC = YES;
				CLANG_ENABLE_OBJC_WEAK = YES;
				CLANG_WARN_BLOCK_CAPTURE_AUTORELEASING = YES;
				CLANG_WARN_BOOL_CONVERSION = YES;
				CLANG_WARN_COMMA = YES;
				CLANG_WARN_CONSTANT_CONVERSION = YES;
				CLANG_WARN_DEPRECATED_OBJC_IMPLEMENTATIONS = YES;
				CLANG_WARN_DIRECT_OBJC_ISA_USAGE = YES_ERROR;
				CLANG_WARN_DOCUMENTATION_COMMENTS = YES;
				CLANG_WARN_EMPTY_BODY = YES;
				CLANG_WARN_ENUM_CONVERSION = YES;
				CLANG_WARN_INFINITE_RECURSION = YES;
				CLANG_WARN_INT_CONVERSION = YES;
				CLANG_WARN_NON_LITERAL_NULL_CONVERSION = YES;
				CLANG_WARN_OBJC_IMPLICIT_RETAIN_SELF = YES;
				CLANG_WARN_OBJC_LITERAL_CONVERSION = YES;
				CLANG_WARN_OBJC_ROOT_CLASS = YES_ERROR;
				CLANG_WARN_RANGE_LOOP_ANALYSIS = YES;
				CLANG_WARN_STRICT_PROTOTYPES = YES;
				CLANG_WARN_SUSPICIOUS_MOVE = YES;
				CLANG_WARN_UNGUARDED_AVAILABILITY = YES_AGGRESSIVE;
				CLANG_WARN_UNREACHABLE_CODE = YES;
				CLANG_WARN__DUPLICATE_METHOD_MATCH = YES;
				CODE_SIGN_IDENTITY = "iPhone Developer";
				COPY_PHASE_STRIP = NO;
				DEBUG_INFORMATION_FORMAT = dwarf;
				ENABLE_STRICT_OBJC_MSGSEND = YES;
				ENABLE_TESTABILITY = YES;
				GCC_C_LANGUAGE_STANDARD = gnu11;
				GCC_DYNAMIC_NO_PIC = NO;
				GCC_NO_COMMON_BLOCKS = YES;
				GCC_OPTIMIZATION_LEVEL = 0;
				GCC_PREPROCESSOR_DEFINITIONS = (
					"DEBUG=1",
					"$(inherited)",
				);
				GCC_WARN_64_TO_32_BIT_CONVERSION = YES;
				GCC_WARN_ABOUT_RETURN_TYPE = YES_ERROR;
				GCC_WARN_UNDECLARED_SELECTOR = YES;
				GCC_WARN_UNINITIALIZED_AUTOS = YES_AGGRESSIVE;
				GCC_WARN_UNUSED_FUNCTION = YES;
				GCC_WARN_UNUSED_VARIABLE = YES;
				IPHONEOS_DEPLOYMENT_TARGET = 12.1;
				MTL_ENABLE_DEBUG_INFO = INCLUDE_SOURCE;
				MTL_FAST_MATH = YES;
				ONLY_ACTIVE_ARCH = YES;
				SDKROOT = iphoneos;
				SWIFT_ACTIVE_COMPILATION_CONDITIONS = DEBUG;
				SWIFT_OPTIMIZATION_LEVEL = "-Onone";
			};
			name = Debug;
		};
		823DF7A9221E2490000941EB /* Release */ = {
			isa = XCBuildConfiguration;
			buildSettings = {
				ALWAYS_SEARCH_USER_PATHS = NO;
				CLANG_ANALYZER_NONNULL = YES;
				CLANG_ANALYZER_NUMBER_OBJECT_CONVERSION = YES_AGGRESSIVE;
				CLANG_CXX_LANGUAGE_STANDARD = "gnu++14";
				CLANG_CXX_LIBRARY = "libc++";
				CLANG_ENABLE_MODULES = YES;
				CLANG_ENABLE_OBJC_ARC = YES;
				CLANG_ENABLE_OBJC_WEAK = YES;
				CLANG_WARN_BLOCK_CAPTURE_AUTORELEASING = YES;
				CLANG_WARN_BOOL_CONVERSION = YES;
				CLANG_WARN_COMMA = YES;
				CLANG_WARN_CONSTANT_CONVERSION = YES;
				CLANG_WARN_DEPRECATED_OBJC_IMPLEMENTATIONS = YES;
				CLANG_WARN_DIRECT_OBJC_ISA_USAGE = YES_ERROR;
				CLANG_WARN_DOCUMENTATION_COMMENTS = YES;
				CLANG_WARN_EMPTY_BODY = YES;
				CLANG_WARN_ENUM_CONVERSION = YES;
				CLANG_WARN_INFINITE_RECURSION = YES;
				CLANG_WARN_INT_CONVERSION = YES;
				CLANG_WARN_NON_LITERAL_NULL_CONVERSION = YES;
				CLANG_WARN_OBJC_IMPLICIT_RETAIN_SELF = YES;
				CLANG_WARN_OBJC_LITERAL_CONVERSION = YES;
				CLANG_WARN_OBJC_ROOT_CLASS = YES_ERROR;
				CLANG_WARN_RANGE_LOOP_ANALYSIS = YES;
				CLANG_WARN_STRICT_PROTOTYPES = YES;
				CLANG_WARN_SUSPICIOUS_MOVE = YES;
				CLANG_WARN_UNGUARDED_AVAILABILITY = YES_AGGRESSIVE;
				CLANG_WARN_UNREACHABLE_CODE = YES;
				CLANG_WARN__DUPLICATE_METHOD_MATCH = YES;
				CODE_SIGN_IDENTITY = "iPhone Developer";
				COPY_PHASE_STRIP = NO;
				DEBUG_INFORMATION_FORMAT = "dwarf-with-dsym";
				ENABLE_NS_ASSERTIONS = NO;
				ENABLE_STRICT_OBJC_MSGSEND = YES;
				GCC_C_LANGUAGE_STANDARD = gnu11;
				GCC_NO_COMMON_BLOCKS = YES;
				GCC_WARN_64_TO_32_BIT_CONVERSION = YES;
				GCC_WARN_ABOUT_RETURN_TYPE = YES_ERROR;
				GCC_WARN_UNDECLARED_SELECTOR = YES;
				GCC_WARN_UNINITIALIZED_AUTOS = YES_AGGRESSIVE;
				GCC_WARN_UNUSED_FUNCTION = YES;
				GCC_WARN_UNUSED_VARIABLE = YES;
				IPHONEOS_DEPLOYMENT_TARGET = 12.1;
				MTL_ENABLE_DEBUG_INFO = NO;
				MTL_FAST_MATH = YES;
				SDKROOT = iphoneos;
				SWIFT_COMPILATION_MODE = wholemodule;
				SWIFT_OPTIMIZATION_LEVEL = "-O";
				VALIDATE_PRODUCT = YES;
			};
			name = Release;
		};
		823DF7AB221E2490000941EB /* Debug */ = {
			isa = XCBuildConfiguration;
			buildSettings = {
				ASSETCATALOG_COMPILER_APPICON_NAME = AppIcon;
				CODE_SIGN_STYLE = Automatic;
				DEVELOPMENT_TEAM = D6K83N72S4;
				INFOPLIST_FILE = "WorldCountries and Capitals/Info.plist";
				LD_RUNPATH_SEARCH_PATHS = (
					"$(inherited)",
					"@executable_path/Frameworks",
				);
				PRODUCT_BUNDLE_IDENTIFIER = "edu.cuny.bmcc.WorldCountries-and-Capitals";
				PRODUCT_NAME = "$(TARGET_NAME)";
				SWIFT_VERSION = 4.2;
				TARGETED_DEVICE_FAMILY = "1,2";
			};
			name = Debug;
		};
		823DF7AC221E2490000941EB /* Release */ = {
			isa = XCBuildConfiguration;
			buildSettings = {
				ASSETCATALOG_COMPILER_APPICON_NAME = AppIcon;
				CODE_SIGN_STYLE = Automatic;
				DEVELOPMENT_TEAM = D6K83N72S4;
				INFOPLIST_FILE = "WorldCountries and Capitals/Info.plist";
				LD_RUNPATH_SEARCH_PATHS = (
					"$(inherited)",
					"@executable_path/Frameworks",
				);
				PRODUCT_BUNDLE_IDENTIFIER = "edu.cuny.bmcc.WorldCountries-and-Capitals";
				PRODUCT_NAME = "$(TARGET_NAME)";
				SWIFT_VERSION = 4.2;
				TARGETED_DEVICE_FAMILY = "1,2";
			};
			name = Release;
		};
/* End XCBuildConfiguration section */

/* Begin XCConfigurationList section */
		823DF793221E2490000941EB /* Build configuration list for PBXProject "WorldCountries and Capitals" */ = {
			isa = XCConfigurationList;
			buildConfigurations = (
				823DF7A8221E2490000941EB /* Debug */,
				823DF7A9221E2490000941EB /* Release */,
			);
			defaultConfigurationIsVisible = 0;
			defaultConfigurationName = Release;
		};
		823DF7AA221E2490000941EB /* Build configuration list for PBXNativeTarget "WorldCountries and Capitals" */ = {
			isa = XCConfigurationList;
			buildConfigurations = (
				823DF7AB221E2490000941EB /* Debug */,
				823DF7AC221E2490000941EB /* Release */,
			);
			defaultConfigurationIsVisible = 0;
			defaultConfigurationName = Release;
		};
/* End XCConfigurationList section */
	};
	rootObject = 823DF790221E2490000941EB /* Project object */;
}
